
Microsoft Visual Studio Solution File, Format Version 12.00
# Visual Studio Version 17
VisualStudioVersion = 17.7.34009.444
MinimumVisualStudioVersion = 10.0.40219.1
Project("{FAE04EC0-301F-11D3-BF4B-00C04F79EFBC}") = "fraction_action", "fraction_action\fraction_action.csproj", "{7B5926D5-C0C2-4F1B-A72D-D11D500B5302}"
EndProject
Global
	GlobalSection(SolutionConfigurationPlatforms) = preSolution
		Debug|Any CPU = Debug|Any CPU
		Release|Any CPU = Release|Any CPU
	EndGlobalSection
	GlobalSection(ProjectConfigurationPlatforms) = postSolution
		{7B5926D5-C0C2-4F1B-A72D-D11D500B5302}.Debug|Any CPU.ActiveCfg = Debug|Any CPU
		{7B5926D5-C0C2-4F1B-A72D-D11D500B5302}.Debug|Any CPU.Build.0 = Debug|Any CPU
		{7B5926D5-C0C2-4F1B-A72D-D11D500B5302}.Release|Any CPU.ActiveCfg = Release|Any CPU
		{7B5926D5-C0C2-4F1B-A72D-D11D500B5302}.Release|Any CPU.Build.0 = Release|Any CPU
	EndGlobalSection
	GlobalSection(SolutionProperties) = preSolution
		HideSolutionNode = FALSE
	EndGlobalSection
	GlobalSection(ExtensibilityGlobals) = postSolution
		SolutionGuid = {F55A2E71-CB97-4803-AF1F-802B8AA26A8A}
	EndGlobalSection
EndGlobal
